
Microsoft Visual Studio Solution File, Format Version 12.00
# Visual Studio Version 17
VisualStudioVersion = 17.6.33829.357
MinimumVisualStudioVersion = 10.0.40219.1
Project("{FAE04EC0-301F-11D3-BF4B-00C04F79EFBC}") = "Exam_slot5", "Exam_slot5\Exam_slot5.csproj", "{72851F9E-E4D1-49CB-AE52-5495D24BC7E7}"
EndProject
Global
	GlobalSection(SolutionConfigurationPlatforms) = preSolution
		Debug|Any CPU = Debug|Any CPU
		Release|Any CPU = Release|Any CPU
	EndGlobalSection
	GlobalSection(ProjectConfigurationPlatforms) = postSolution
		{72851F9E-E4D1-49CB-AE52-5495D24BC7E7}.Debug|Any CPU.ActiveCfg = Debug|Any CPU
		{72851F9E-E4D1-49CB-AE52-5495D24BC7E7}.Debug|Any CPU.Build.0 = Debug|Any CPU
		{72851F9E-E4D1-49CB-AE52-5495D24BC7E7}.Release|Any CPU.ActiveCfg = Release|Any CPU
		{72851F9E-E4D1-49CB-AE52-5495D24BC7E7}.Release|Any CPU.Build.0 = Release|Any CPU
	EndGlobalSection
	GlobalSection(SolutionProperties) = preSolution
		HideSolutionNode = FALSE
	EndGlobalSection
	GlobalSection(ExtensibilityGlobals) = postSolution
		SolutionGuid = {8873B54B-51E2-4880-AA84-E07710F3904A}
	EndGlobalSection
EndGlobal
